Microsoft Visual Studio Solution File, Format Version 12.00
# Visual Studio Version 17
VisualStudioVersion = 17.5.2.0
MinimumVisualStudioVersion = 10.0.40219.1
Project("{FAE04EC0-301F-11D3-BF4B-00C04F79EFBC}") = "AlgoTrade", "AlgoTrade.csproj", "{97DF88FD-2411-0F66-2887-E14247AB45A6}"
EndProject
Global
	GlobalSection(SolutionConfigurationPlatforms) = preSolution
		Debug|Any CPU = Debug|Any CPU
		Release|Any CPU = Release|Any CPU
	EndGlobalSection
	GlobalSection(ProjectConfigurationPlatforms) = postSolution
		{97DF88FD-2411-0F66-2887-E14247AB45A6}.Debug|Any CPU.ActiveCfg = Debug|Any CPU
		{97DF88FD-2411-0F66-2887-E14247AB45A6}.Debug|Any CPU.Build.0 = Debug|Any CPU
		{97DF88FD-2411-0F66-2887-E14247AB45A6}.Release|Any CPU.ActiveCfg = Release|Any CPU
		{97DF88FD-2411-0F66-2887-E14247AB45A6}.Release|Any CPU.Build.0 = Release|Any CPU
	EndGlobalSection
	GlobalSection(SolutionProperties) = preSolution
		HideSolutionNode = FALSE
	EndGlobalSection
	GlobalSection(ExtensibilityGlobals) = postSolution
		SolutionGuid = {DC38696B-866B-43EE-BAD4-7947B0472D85}
	EndGlobalSection
EndGlobal
